
Microsoft Visual Studio Solution File, Format Version 12.00
# Visual Studio Version 17
VisualStudioVersion = 17.9.34723.18
MinimumVisualStudioVersion = 10.0.40219.1
Project("{FAE04EC0-301F-11D3-BF4B-00C04F79EFBC}") = "Domain", "Domain\Domain.csproj", "{2C39A125-3F7C-4AB0-B8AC-DF9A4D8BA81D}"
EndProject
Project("{FAE04EC0-301F-11D3-BF4B-00C04F79EFBC}") = "Infrastructure", "Infrastructure\Infrastructure.csproj", "{AAD452DE-A80E-4355-9534-63719335A0C5}"
EndProject
Project("{FAE04EC0-301F-11D3-BF4B-00C04F79EFBC}") = "Application", "Application\Application.csproj", "{B8C588B3-35D6-4AC1-BF3E-0FFC8D8E0146}"
EndProject
Project("{FAE04EC0-301F-11D3-BF4B-00C04F79EFBC}") = "WebAPI", "WebAPI\WebAPI.csproj", "{DD441C53-6622-4559-976F-0F045F509F4A}"
EndProject
Global
	GlobalSection(SolutionConfigurationPlatforms) = preSolution
		Debug|Any CPU = Debug|Any CPU
		Release|Any CPU = Release|Any CPU
	EndGlobalSection
	GlobalSection(ProjectConfigurationPlatforms) = postSolution
		{2C39A125-3F7C-4AB0-B8AC-DF9A4D8BA81D}.Debug|Any CPU.ActiveCfg = Debug|Any CPU
		{2C39A125-3F7C-4AB0-B8AC-DF9A4D8BA81D}.Debug|Any CPU.Build.0 = Debug|Any CPU
		{2C39A125-3F7C-4AB0-B8AC-DF9A4D8BA81D}.Release|Any CPU.ActiveCfg = Release|Any CPU
		{2C39A125-3F7C-4AB0-B8AC-DF9A4D8BA81D}.Release|Any CPU.Build.0 = Release|Any CPU
		{AAD452DE-A80E-4355-9534-63719335A0C5}.Debug|Any CPU.ActiveCfg = Debug|Any CPU
		{AAD452DE-A80E-4355-9534-63719335A0C5}.Debug|Any CPU.Build.0 = Debug|Any CPU
		{AAD452DE-A80E-4355-9534-63719335A0C5}.Release|Any CPU.ActiveCfg = Release|Any CPU
		{AAD452DE-A80E-4355-9534-63719335A0C5}.Release|Any CPU.Build.0 = Release|Any CPU
		{B8C588B3-35D6-4AC1-BF3E-0FFC8D8E0146}.Debug|Any CPU.ActiveCfg = Debug|Any CPU
		{B8C588B3-35D6-4AC1-BF3E-0FFC8D8E0146}.Debug|Any CPU.Build.0 = Debug|Any CPU
		{B8C588B3-35D6-4AC1-BF3E-0FFC8D8E0146}.Release|Any CPU.ActiveCfg = Release|Any CPU
		{B8C588B3-35D6-4AC1-BF3E-0FFC8D8E0146}.Release|Any CPU.Build.0 = Release|Any CPU
		{DD441C53-6622-4559-976F-0F045F509F4A}.Debug|Any CPU.ActiveCfg = Debug|Any CPU
		{DD441C53-6622-4559-976F-0F045F509F4A}.Debug|Any CPU.Build.0 = Debug|Any CPU
		{DD441C53-6622-4559-976F-0F045F509F4A}.Release|Any CPU.ActiveCfg = Release|Any CPU
		{DD441C53-6622-4559-976F-0F045F509F4A}.Release|Any CPU.Build.0 = Release|Any CPU
	EndGlobalSection
	GlobalSection(SolutionProperties) = preSolution
		HideSolutionNode = FALSE
	EndGlobalSection
	GlobalSection(ExtensibilityGlobals) = postSolution
		SolutionGuid = {FE988E69-2FCA-4B8B-94F5-B8EFD4628E4B}
	EndGlobalSection
EndGlobal
